
Microsoft Visual Studio Solution File, Format Version 12.00
# Visual Studio Version 16
VisualStudioVersion = 16.0.32413.511
MinimumVisualStudioVersion = 10.0.40219.1
Project("{FAE04EC0-301F-11D3-BF4B-00C04F79EFBC}") = "HelloWorld", "HelloWorld\HelloWorld.csproj", "{7EACC80D-E10D-4131-8954-FC5AC628BB0F}"
EndProject
Project("{FAE04EC0-301F-11D3-BF4B-00C04F79EFBC}") = "TurtleGame", "TurtleGame\TurtleGame.csproj", "{264BC3F4-1780-4103-BD6D-A466538FA6E9}"
EndProject
Project("{9A19103F-16F7-4668-BE54-9A1E7A4F7556}") = "СurrencyСonvector", "СurrencyСonvector\СurrencyСonvector.csproj", "{D05E94C7-61DE-4B62-96B8-6C969BA96870}"
EndProject
Project("{FAE04EC0-301F-11D3-BF4B-00C04F79EFBC}") = "OTUS_Module_01_Сalculator", "OTUS_Module_01_Calculator\OTUS_Module_01_Сalculator.csproj", "{9E7D2F4C-D963-4A82-A81A-A74A9842E737}"
EndProject
Project("{9A19103F-16F7-4668-BE54-9A1E7A4F7556}") = "OTUS_Module_02_GUICalculator", "OTUS_Module_02_GUICalculator\OTUS_Module_02_GUICalculator.csproj", "{75B7FB89-69A7-40C2-A77B-68A157D7F711}"
EndProject
Project("{2150E333-8FDC-42A3-9474-1A3956D46DE8}") = "Solution Items", "Solution Items", "{30635DB7-D023-4228-80F5-DC2918579456}"
	ProjectSection(SolutionItems) = preProject
		.editorconfig = .editorconfig
	EndProjectSection
EndProject
Project("{9A19103F-16F7-4668-BE54-9A1E7A4F7556}") = "OTUS_Module_03_Tetris", "OTUS_Module_03_Tetris\OTUS_Module_03_Tetris.csproj", "{E3426939-5426-417A-80FD-627736EB2312}"
EndProject
Project("{FAE04EC0-301F-11D3-BF4B-00C04F79EFBC}") = "OTUS_Module_03_GUITetris", "OTUS_Module_03_GUITetris\OTUS_Module_03_GUITetris.csproj", "{CF9CDAFF-21B9-44FA-999A-DD57B8C20C93}"
EndProject
Project("{2150E333-8FDC-42A3-9474-1A3956D46DE8}") = "UTUS", "UTUS", "{47826D6F-BA6A-4A4A-B798-3CBC2CDD6313}"
EndProject
Project("{2150E333-8FDC-42A3-9474-1A3956D46DE8}") = "CsharpLight", "CsharpLight", "{55252A9D-C751-40AA-A54B-B12E9C8D5E5E}"
EndProject
Project("{FAE04EC0-301F-11D3-BF4B-00C04F79EFBC}") = "01_BasicsOfProgramming", "01_BasicsOfProgramming\01_BasicsOfProgramming.csproj", "{259C9C1E-0C73-42B0-BA6C-7F19F7E951BD}"
EndProject
Project("{FAE04EC0-301F-11D3-BF4B-00C04F79EFBC}") = "02_ConditionalOperatorsAndLoops", "02_ConditionalOperatorsAndLoops\02_ConditionalOperatorsAndLoops.csproj", "{CC07AC63-1874-4DAB-B76E-608F0E2F16EC}"
EndProject
Project("{FAE04EC0-301F-11D3-BF4B-00C04F79EFBC}") = "03_Arrays", "03_Arrays\03_Arrays.csproj", "{F0C5972D-0B75-40AC-9433-4495C97B4E13}"
EndProject
Project("{FAE04EC0-301F-11D3-BF4B-00C04F79EFBC}") = "04_Functions", "04_Functions\04_Functions.csproj", "{924F9115-11BE-43CC-9AA1-E2B873468BAD}"
EndProject
Project("{FAE04EC0-301F-11D3-BF4B-00C04F79EFBC}") = "05_Collections", "05_Collections\05_Collections.csproj", "{4223158F-5AAD-4A18-9B9C-16337597A87C}"
EndProject
Project("{FAE04EC0-301F-11D3-BF4B-00C04F79EFBC}") = "06_ObjectOrientedProgramming", "06_ObjectOrientedProgramming\06_ObjectOrientedProgramming.csproj", "{99557E06-26E9-4372-8658-3C1030BFF93D}"
EndProject
Project("{FAE04EC0-301F-11D3-BF4B-00C04F79EFBC}") = "07_LINQ", "07_LINQ\07_LINQ.csproj", "{75242189-15F5-4665-A6E6-F1EF71043E04}"
EndProject
Project("{2150E333-8FDC-42A3-9474-1A3956D46DE8}") = "CSLessonsForBeginners", "CSLessonsForBeginners", "{B446390E-3E1C-463B-AB12-B894A0BB6446}"
EndProject
Project("{9A19103F-16F7-4668-BE54-9A1E7A4F7556}") = "YT_Lesson_01_PrimitiveDataTypesNumbersStrings", "YT_Lesson_01_PrimitiveDataTypesNumbers\YT_Lesson_01_PrimitiveDataTypesNumbersStrings.csproj", "{0E953536-4E79-4163-B776-83AC655CE40D}"
EndProject
Project("{9A19103F-16F7-4668-BE54-9A1E7A4F7556}") = "YT_Lesson_02_logicComparisonsFlowOfExecution", "YT_Lesson_02_logicComparisonsFlowOfExecution\YT_Lesson_02_logicComparisonsFlowOfExecution.csproj", "{E0FEE4CC-08F7-4F9F-B455-01BC055208BF}"
EndProject
Project("{FAE04EC0-301F-11D3-BF4B-00C04F79EFBC}") = "[ITVDN]_StarterCS_Lesson_01_Console", "[ITVDN]_StarterCS_Lesson_01_Console\[ITVDN]_StarterCS_Lesson_01_Console.csproj", "{1068934A-5515-4B29-AF3E-57F3DD172597}"
EndProject
Global
	GlobalSection(SolutionConfigurationPlatforms) = preSolution
		Debug|Any CPU = Debug|Any CPU
		Release|Any CPU = Release|Any CPU
	EndGlobalSection
	GlobalSection(ProjectConfigurationPlatforms) = postSolution
		{7EACC80D-E10D-4131-8954-FC5AC628BB0F}.Debug|Any CPU.ActiveCfg = Debug|Any CPU
		{7EACC80D-E10D-4131-8954-FC5AC628BB0F}.Debug|Any CPU.Build.0 = Debug|Any CPU
		{7EACC80D-E10D-4131-8954-FC5AC628BB0F}.Release|Any CPU.ActiveCfg = Release|Any CPU
		{7EACC80D-E10D-4131-8954-FC5AC628BB0F}.Release|Any CPU.Build.0 = Release|Any CPU
		{264BC3F4-1780-4103-BD6D-A466538FA6E9}.Debug|Any CPU.ActiveCfg = Debug|Any CPU
		{264BC3F4-1780-4103-BD6D-A466538FA6E9}.Debug|Any CPU.Build.0 = Debug|Any CPU
		{264BC3F4-1780-4103-BD6D-A466538FA6E9}.Release|Any CPU.ActiveCfg = Release|Any CPU
		{264BC3F4-1780-4103-BD6D-A466538FA6E9}.Release|Any CPU.Build.0 = Release|Any CPU
		{D05E94C7-61DE-4B62-96B8-6C969BA96870}.Debug|Any CPU.ActiveCfg = Debug|Any CPU
		{D05E94C7-61DE-4B62-96B8-6C969BA96870}.Debug|Any CPU.Build.0 = Debug|Any CPU
		{D05E94C7-61DE-4B62-96B8-6C969BA96870}.Release|Any CPU.ActiveCfg = Release|Any CPU
		{D05E94C7-61DE-4B62-96B8-6C969BA96870}.Release|Any CPU.Build.0 = Release|Any CPU
		{9E7D2F4C-D963-4A82-A81A-A74A9842E737}.Debug|Any CPU.ActiveCfg = Debug|Any CPU
		{9E7D2F4C-D963-4A82-A81A-A74A9842E737}.Debug|Any CPU.Build.0 = Debug|Any CPU
		{9E7D2F4C-D963-4A82-A81A-A74A9842E737}.Release|Any CPU.ActiveCfg = Release|Any CPU
		{9E7D2F4C-D963-4A82-A81A-A74A9842E737}.Release|Any CPU.Build.0 = Release|Any CPU
		{75B7FB89-69A7-40C2-A77B-68A157D7F711}.Debug|Any CPU.ActiveCfg = Debug|Any CPU
		{75B7FB89-69A7-40C2-A77B-68A157D7F711}.Debug|Any CPU.Build.0 = Debug|Any CPU
		{75B7FB89-69A7-40C2-A77B-68A157D7F711}.Release|Any CPU.ActiveCfg = Release|Any CPU
		{75B7FB89-69A7-40C2-A77B-68A157D7F711}.Release|Any CPU.Build.0 = Release|Any CPU
		{E3426939-5426-417A-80FD-627736EB2312}.Debug|Any CPU.ActiveCfg = Debug|Any CPU
		{E3426939-5426-417A-80FD-627736EB2312}.Debug|Any CPU.Build.0 = Debug|Any CPU
		{E3426939-5426-417A-80FD-627736EB2312}.Release|Any CPU.ActiveCfg = Release|Any CPU
		{E3426939-5426-417A-80FD-627736EB2312}.Release|Any CPU.Build.0 = Release|Any CPU
		{CF9CDAFF-21B9-44FA-999A-DD57B8C20C93}.Debug|Any CPU.ActiveCfg = Debug|Any CPU
		{CF9CDAFF-21B9-44FA-999A-DD57B8C20C93}.Debug|Any CPU.Build.0 = Debug|Any CPU
		{CF9CDAFF-21B9-44FA-999A-DD57B8C20C93}.Release|Any CPU.ActiveCfg = Release|Any CPU
		{CF9CDAFF-21B9-44FA-999A-DD57B8C20C93}.Release|Any CPU.Build.0 = Release|Any CPU
		{259C9C1E-0C73-42B0-BA6C-7F19F7E951BD}.Debug|Any CPU.ActiveCfg = Debug|Any CPU
		{259C9C1E-0C73-42B0-BA6C-7F19F7E951BD}.Debug|Any CPU.Build.0 = Debug|Any CPU
		{259C9C1E-0C73-42B0-BA6C-7F19F7E951BD}.Release|Any CPU.ActiveCfg = Release|Any CPU
		{259C9C1E-0C73-42B0-BA6C-7F19F7E951BD}.Release|Any CPU.Build.0 = Release|Any CPU
		{CC07AC63-1874-4DAB-B76E-608F0E2F16EC}.Debug|Any CPU.ActiveCfg = Debug|Any CPU
		{CC07AC63-1874-4DAB-B76E-608F0E2F16EC}.Debug|Any CPU.Build.0 = Debug|Any CPU
		{CC07AC63-1874-4DAB-B76E-608F0E2F16EC}.Release|Any CPU.ActiveCfg = Release|Any CPU
		{CC07AC63-1874-4DAB-B76E-608F0E2F16EC}.Release|Any CPU.Build.0 = Release|Any CPU
		{F0C5972D-0B75-40AC-9433-4495C97B4E13}.Debug|Any CPU.ActiveCfg = Debug|Any CPU
		{F0C5972D-0B75-40AC-9433-4495C97B4E13}.Debug|Any CPU.Build.0 = Debug|Any CPU
		{F0C5972D-0B75-40AC-9433-4495C97B4E13}.Release|Any CPU.ActiveCfg = Release|Any CPU
		{F0C5972D-0B75-40AC-9433-4495C97B4E13}.Release|Any CPU.Build.0 = Release|Any CPU
		{924F9115-11BE-43CC-9AA1-E2B873468BAD}.Debug|Any CPU.ActiveCfg = Debug|Any CPU
		{924F9115-11BE-43CC-9AA1-E2B873468BAD}.Debug|Any CPU.Build.0 = Debug|Any CPU
		{924F9115-11BE-43CC-9AA1-E2B873468BAD}.Release|Any CPU.ActiveCfg = Release|Any CPU
		{924F9115-11BE-43CC-9AA1-E2B873468BAD}.Release|Any CPU.Build.0 = Release|Any CPU
		{4223158F-5AAD-4A18-9B9C-16337597A87C}.Debug|Any CPU.ActiveCfg = Debug|Any CPU
		{4223158F-5AAD-4A18-9B9C-16337597A87C}.Debug|Any CPU.Build.0 = Debug|Any CPU
		{4223158F-5AAD-4A18-9B9C-16337597A87C}.Release|Any CPU.ActiveCfg = Release|Any CPU
		{4223158F-5AAD-4A18-9B9C-16337597A87C}.Release|Any CPU.Build.0 = Release|Any CPU
		{99557E06-26E9-4372-8658-3C1030BFF93D}.Debug|Any CPU.ActiveCfg = Debug|Any CPU
		{99557E06-26E9-4372-8658-3C1030BFF93D}.Debug|Any CPU.Build.0 = Debug|Any CPU
		{99557E06-26E9-4372-8658-3C1030BFF93D}.Release|Any CPU.ActiveCfg = Release|Any CPU
		{99557E06-26E9-4372-8658-3C1030BFF93D}.Release|Any CPU.Build.0 = Release|Any CPU
		{75242189-15F5-4665-A6E6-F1EF71043E04}.Debug|Any CPU.ActiveCfg = Debug|Any CPU
		{75242189-15F5-4665-A6E6-F1EF71043E04}.Debug|Any CPU.Build.0 = Debug|Any CPU
		{75242189-15F5-4665-A6E6-F1EF71043E04}.Release|Any CPU.ActiveCfg = Release|Any CPU
		{75242189-15F5-4665-A6E6-F1EF71043E04}.Release|Any CPU.Build.0 = Release|Any CPU
		{0E953536-4E79-4163-B776-83AC655CE40D}.Debug|Any CPU.ActiveCfg = Debug|Any CPU
		{0E953536-4E79-4163-B776-83AC655CE40D}.Debug|Any CPU.Build.0 = Debug|Any CPU
		{0E953536-4E79-4163-B776-83AC655CE40D}.Release|Any CPU.ActiveCfg = Release|Any CPU
		{0E953536-4E79-4163-B776-83AC655CE40D}.Release|Any CPU.Build.0 = Release|Any CPU
		{E0FEE4CC-08F7-4F9F-B455-01BC055208BF}.Debug|Any CPU.ActiveCfg = Debug|Any CPU
		{E0FEE4CC-08F7-4F9F-B455-01BC055208BF}.Debug|Any CPU.Build.0 = Debug|Any CPU
		{E0FEE4CC-08F7-4F9F-B455-01BC055208BF}.Release|Any CPU.ActiveCfg = Release|Any CPU
		{E0FEE4CC-08F7-4F9F-B455-01BC055208BF}.Release|Any CPU.Build.0 = Release|Any CPU
		{1068934A-5515-4B29-AF3E-57F3DD172597}.Debug|Any CPU.ActiveCfg = Debug|Any CPU
		{1068934A-5515-4B29-AF3E-57F3DD172597}.Debug|Any CPU.Build.0 = Debug|Any CPU
		{1068934A-5515-4B29-AF3E-57F3DD172597}.Release|Any CPU.ActiveCfg = Release|Any CPU
		{1068934A-5515-4B29-AF3E-57F3DD172597}.Release|Any CPU.Build.0 = Release|Any CPU
	EndGlobalSection
	GlobalSection(SolutionProperties) = preSolution
		HideSolutionNode = FALSE
	EndGlobalSection
	GlobalSection(NestedProjects) = preSolution
		{9E7D2F4C-D963-4A82-A81A-A74A9842E737} = {47826D6F-BA6A-4A4A-B798-3CBC2CDD6313}
		{75B7FB89-69A7-40C2-A77B-68A157D7F711} = {47826D6F-BA6A-4A4A-B798-3CBC2CDD6313}
		{E3426939-5426-417A-80FD-627736EB2312} = {47826D6F-BA6A-4A4A-B798-3CBC2CDD6313}
		{CF9CDAFF-21B9-44FA-999A-DD57B8C20C93} = {47826D6F-BA6A-4A4A-B798-3CBC2CDD6313}
		{259C9C1E-0C73-42B0-BA6C-7F19F7E951BD} = {55252A9D-C751-40AA-A54B-B12E9C8D5E5E}
		{CC07AC63-1874-4DAB-B76E-608F0E2F16EC} = {55252A9D-C751-40AA-A54B-B12E9C8D5E5E}
		{F0C5972D-0B75-40AC-9433-4495C97B4E13} = {55252A9D-C751-40AA-A54B-B12E9C8D5E5E}
		{924F9115-11BE-43CC-9AA1-E2B873468BAD} = {55252A9D-C751-40AA-A54B-B12E9C8D5E5E}
		{4223158F-5AAD-4A18-9B9C-16337597A87C} = {55252A9D-C751-40AA-A54B-B12E9C8D5E5E}
		{99557E06-26E9-4372-8658-3C1030BFF93D} = {55252A9D-C751-40AA-A54B-B12E9C8D5E5E}
		{75242189-15F5-4665-A6E6-F1EF71043E04} = {55252A9D-C751-40AA-A54B-B12E9C8D5E5E}
		{0E953536-4E79-4163-B776-83AC655CE40D} = {B446390E-3E1C-463B-AB12-B894A0BB6446}
		{E0FEE4CC-08F7-4F9F-B455-01BC055208BF} = {B446390E-3E1C-463B-AB12-B894A0BB6446}
		{1068934A-5515-4B29-AF3E-57F3DD172597} = {B446390E-3E1C-463B-AB12-B894A0BB6446}
	EndGlobalSection
	GlobalSection(ExtensibilityGlobals) = postSolution
		SolutionGuid = {CF65BA7E-7A0D-48DE-B8D7-DE2E13D6E7E7}
	EndGlobalSection
EndGlobal
